<?xml version="1.0" encoding="UTF-8" standalone="yes" ?>
<CodeBlocks_project_file>
	<FileVersion major="1" minor="6" />
	<Project>
		<Option title="TcpServer" />
		<Option pch_mode="2" />
		<Option compiler="gcc" />
		<Build>
			<Target title="Debug">
				<Option output="bin/Debug/TcpServer" prefix_auto="1" extension_auto="1" />
				<Option object_output="obj/Debug/" />
				<Option type="1" />
				<Option compiler="gcc" />
				<Compiler>
					<Add option="-g" />
					<Add directory="include" />
				</Compiler>
				<Linker>
					<Add library="Ws2_32" />
				</Linker>
			</Target>
		</Build>
		<Compiler>
			<Add option="-Wall" />
			<Add option="-fexceptions" />
		</Compiler>
		<Unit filename="include/Callback.h" />
		<Unit filename="include/DigitalOut.h" />
		<Unit filename="include/ESP8266.h" />
		<Unit filename="include/ESP8266Simulated.h" />
		<Unit filename="include/EmbeddedMessages.h" />
		<Unit filename="include/EventQueue.h" />
		<Unit filename="include/Fifo.h" />
		<Unit filename="include/HttpServer.h" />
		<Unit filename="include/IO_mapping.h" />
		<Unit filename="include/Parameters.h" />
		<Unit filename="include/RawSerial.h" />
		<Unit filename="include/SystemControl.h" />
		<Unit filename="include/Ticker.h" />
		<Unit filename="include/Timeout.h" />
		<Unit filename="include/mbed.h" />
		<Unit filename="main.cpp" />
		<Unit filename="src/ESP8266.cpp" />
		<Unit filename="src/ESP8266Simulated.cpp" />
		<Unit filename="src/EventQueue.cpp" />
		<Unit filename="src/HttpServer.cpp" />
		<Unit filename="src/Parameters.cpp" />
		<Unit filename="src/RawSerial.cpp" />
		<Unit filename="src/SystemControl.cpp" />
		<Unit filename="src/mbed.cpp" />
		<Extensions>
			<code_completion />
			<envvars />
			<debugger />
			<lib_finder disable_auto="1" />
		</Extensions>
	</Project>
</CodeBlocks_project_file>
