<?xml version="1.0" encoding="utf-8"?>
<Project ToolsVersion="4.0" xmlns="http://schemas.microsoft.com/developer/msbuild/2003">
  <ItemGroup>
    <Filter Include="Source Files">
      <UniqueIdentifier>{4FC737F1-C7A5-4376-A066-2A32D752A2FF}</UniqueIdentifier>
      <Extensions>cpp;c;cc;cxx;def;odl;idl;hpj;bat;asm;asmx</Extensions>
    </Filter>
    <Filter Include="Header Files">
      <UniqueIdentifier>{93995380-89BD-4b04-88EB-625FBE52EBFB}</UniqueIdentifier>
      <Extensions>h;hpp;hxx;hm;inl;inc;xsd</Extensions>
    </Filter>
    <Filter Include="Resource Files">
      <UniqueIdentifier>{67DA6AB6-F800-4c08-8B7A-83BB121AAD01}</UniqueIdentifier>
      <Extensions>rc;ico;cur;bmp;dlg;rc2;rct;bin;rgs;gif;jpg;jpeg;jpe;resx;tiff;tif;png;wav;mfcribbon-ms</Extensions>
    </Filter>
  </ItemGroup>
  <ItemGroup>
    <ClCompile Include="main.cpp">
      <Filter>Source Files</Filter>
    </ClCompile>
    <ClCompile Include="TcpSocketServer.cpp">
      <Filter>Source Files</Filter>
    </ClCompile>
    <ClCompile Include="HttpResourceFile.cpp">
      <Filter>Source Files</Filter>
    </ClCompile>
    <ClCompile Include="HttpResponse.cpp">
      <Filter>Source Files</Filter>
    </ClCompile>
    <ClCompile Include="HttpServer.cpp">
      <Filter>Source Files</Filter>
    </ClCompile>
    <ClCompile Include="EventQueue.cpp">
      <Filter>Source Files</Filter>
    </ClCompile>
    <ClCompile Include="Parameters.cpp">
      <Filter>Source Files</Filter>
    </ClCompile>
    <ClCompile Include="SpdifInput.cpp">
      <Filter>Source Files</Filter>
    </ClCompile>
    <ClCompile Include="VolumeControl.cpp">
      <Filter>Source Files</Filter>
    </ClCompile>
    <ClCompile Include="SpdifUtils.cpp">
      <Filter>Source Files</Filter>
    </ClCompile>
    <ClCompile Include="Font56.c">
      <Filter>Source Files</Filter>
    </ClCompile>
    <ClCompile Include="Font16.c">
      <Filter>Source Files</Filter>
    </ClCompile>
    <ClCompile Include="Font32.c">
      <Filter>Source Files</Filter>
    </ClCompile>
    <ClCompile Include="Font64.c">
      <Filter>Source Files</Filter>
    </ClCompile>
  </ItemGroup>
  <ItemGroup>
    <ClInclude Include="EmbeddedMessages.h">
      <Filter>Source Files</Filter>
    </ClInclude>
    <ClInclude Include="SpdifInput.h">
      <Filter>Header Files</Filter>
    </ClInclude>
    <ClInclude Include="EventQueue.h">
      <Filter>Header Files</Filter>
    </ClInclude>
    <ClInclude Include="HttpResourceFile.h">
      <Filter>Header Files</Filter>
    </ClInclude>
    <ClInclude Include="HttpResponse.h">
      <Filter>Header Files</Filter>
    </ClInclude>
    <ClInclude Include="HttpServer.h">
      <Filter>Header Files</Filter>
    </ClInclude>
    <ClInclude Include="Parameters.h">
      <Filter>Header Files</Filter>
    </ClInclude>
    <ClInclude Include="SafeQueue.h">
      <Filter>Header Files</Filter>
    </ClInclude>
    <ClInclude Include="StoppableTask.h">
      <Filter>Header Files</Filter>
    </ClInclude>
    <ClInclude Include="TcpSocketServer.h">
      <Filter>Header Files</Filter>
    </ClInclude>
    <ClInclude Include="VolumeControl.h">
      <Filter>Header Files</Filter>
    </ClInclude>
    <ClInclude Include="ST7735S_defs.h">
      <Filter>Header Files</Filter>
    </ClInclude>
    <ClInclude Include="SpdifUtils.h">
      <Filter>Header Files</Filter>
    </ClInclude>
    <ClInclude Include="Callback.h">
      <Filter>Header Files</Filter>
    </ClInclude>
    <ClInclude Include="IrAnalyxerUtils.h">
      <Filter>Header Files</Filter>
    </ClInclude>
    <ClInclude Include="Font56.h">
      <Filter>Header Files</Filter>
    </ClInclude>
    <ClInclude Include="Font16.h">
      <Filter>Header Files</Filter>
    </ClInclude>
    <ClInclude Include="Font32.h">
      <Filter>Header Files</Filter>
    </ClInclude>
    <ClInclude Include="Font64.h">
      <Filter>Header Files</Filter>
    </ClInclude>
  </ItemGroup>
</Project>